# This file is autogenerated, do not edit; changes may be undone by the next 'dep ensure'.


[[projects]]
  name = "github.com/BurntSushi/toml"
  packages = ["."]
  revision = "b26d9c308763d68093482582cea63d69be07a0f0"
  version = "v0.3.0"

[[projects]]
  branch = "master"
  name = "github.com/StackExchange/wmi"
  packages = ["."]
  revision = "5d049714c4a64225c3c79a7cf7d02f7fb5b96338"

[[projects]]
  name = "github.com/coreos/bbolt"
  packages = ["."]
  revision = "583e8937c61f1af6513608ccc75c97b6abdf4ff9"
  version = "v1.3.0"

[[projects]]
  name = "github.com/davecgh/go-spew"
  packages = ["spew"]
  revision = "346938d642f2ec3594ed81d874461961cd0faa76"
  version = "v1.1.0"

[[projects]]
  branch = "master"
  name = "github.com/daviddengcn/go-colortext"
  packages = ["."]
  revision = "17e75f6184bc9e727756cd0d82e0af58b1fc7191"

[[projects]]
  branch = "byzgen_poc"
  name = "github.com/dedis/cothority"
  packages = [".","bftcosi","cosi/check","cosi/crypto","cosi/protocol","cosi/service","messaging","skipchain","status/service"]
  revision = "5a1949ac63542c2479183486885b7bc9766c3290"

[[projects]]
  name = "github.com/dedis/fixbuf"
  packages = ["."]
  revision = "9774cf687c0f09b0e619c17b033ff76a887be2eb"
  version = "1.0.0"

[[projects]]
  branch = "byzgen_poc"
  name = "github.com/dedis/kyber"
  packages = [".","group/curve25519","group/edwards25519","group/internal/marshalling","group/mod","group/nist","share","share/dkg/rabin","share/vss/rabin","sign/schnorr","suites","util/encoding","util/key","util/random","xof/blake"]
  revision = "de19cc714aa0e6931ed9e15be42028e26d912b38"

[[projects]]
  branch = "byzgen_poc"
  name = "github.com/dedis/onet"
  packages = [".","app","log","network"]
  revision = "61ad31b464e9a12fd6df8648c7ab3aace2fea848"

[[projects]]
  name = "github.com/dedis/protobuf"
  packages = ["."]
  revision = "dadbfacaa0e2b61cf59ca31336e3c8bbdf064d6e"
  version = "1.0.0"

[[projects]]
  name = "github.com/go-ole/go-ole"
  packages = [".","oleutil"]
  revision = "a41e3c4b706f6ae8dfbff342b06e40fa4d2d0506"
  version = "v1.2.1"

[[projects]]
  name = "github.com/gorilla/websocket"
  packages = ["."]
  revision = "ea4d1f681babbce9545c9c5f3d5194a789c89f5b"
  version = "v1.2.0"

[[projects]]
  name = "github.com/pmezard/go-difflib"
  packages = ["difflib"]
  revision = "792786c7400a136282c1664665ae0a8db921c6c2"
  version = "v1.0.0"

[[projects]]
  name = "github.com/shirou/gopsutil"
  packages = ["internal/common","mem"]
  revision = "c432be29ccce470088d07eea25b3ea7e68a8afbb"
  version = "v2.18.01"

[[projects]]
  name = "github.com/stretchr/testify"
  packages = ["assert","require"]
  revision = "12b6f73e6084dad08a7c6e575284b177ecafbc71"
  version = "v1.2.1"

[[projects]]
  branch = "master"
  name = "golang.org/x/crypto"
  packages = ["blake2b","hkdf"]
  revision = "1875d0a70c90e57f11972aefd42276df65e895b9"

[[projects]]
  branch = "master"
  name = "golang.org/x/sys"
  packages = ["unix","windows"]
  revision = "37707fdb30a5b38865cfb95e5aab41707daec7fd"

[[projects]]
  name = "gopkg.in/satori/go.uuid.v1"
  packages = ["."]
  revision = "f58768cc1a7a7e77a3bd49e98cdd21419399b6a3"
  version = "v1.2.0"

[[projects]]
  name = "gopkg.in/tylerb/graceful.v1"
  packages = ["."]
  revision = "4654dfbb6ad53cb5e27f37d99b02e16c1872fbbb"
  version = "v1.2.15"

[[projects]]
  name = "gopkg.in/urfave/cli.v1"
  packages = ["."]
  revision = "cfb38830724cc34fedffe9a2a29fb54fa9169cd1"
  version = "v1.20.0"

[solve-meta]
  analyzer-name = "dep"
  analyzer-version = 1
  inputs-digest = "a7d2653b9f3d03be775ef1e9118f7419232288810fcad70fa60ac2cf8f5c02ac"
  solver-name = "gps-cdcl"
  solver-version = 1
